
Microsoft Visual Studio Solution File, Format Version 12.00
# Visual Studio Version 17
VisualStudioVersion = 17.9.34616.47
MinimumVisualStudioVersion = 10.0.40219.1
Project("{FAE04EC0-301F-11D3-BF4B-00C04F79EFBC}") = "FileAnalysisProject", "FileAnalysisProject\FileAnalysisProject.csproj", "{FCC75F68-8D78-4933-AB12-A067B4D8DE85}"
EndProject
Global
	GlobalSection(SolutionConfigurationPlatforms) = preSolution
		Debug|Any CPU = Debug|Any CPU
		Release|Any CPU = Release|Any CPU
	EndGlobalSection
	GlobalSection(ProjectConfigurationPlatforms) = postSolution
		{FCC75F68-8D78-4933-AB12-A067B4D8DE85}.Debug|Any CPU.ActiveCfg = Debug|Any CPU
		{FCC75F68-8D78-4933-AB12-A067B4D8DE85}.Debug|Any CPU.Build.0 = Debug|Any CPU
		{FCC75F68-8D78-4933-AB12-A067B4D8DE85}.Release|Any CPU.ActiveCfg = Release|Any CPU
		{FCC75F68-8D78-4933-AB12-A067B4D8DE85}.Release|Any CPU.Build.0 = Release|Any CPU
	EndGlobalSection
	GlobalSection(SolutionProperties) = preSolution
		HideSolutionNode = FALSE
	EndGlobalSection
	GlobalSection(ExtensibilityGlobals) = postSolution
		SolutionGuid = {3BE3D146-0A11-49B5-BE62-B0E28FA39E73}
	EndGlobalSection
EndGlobal
